Microsoft Visual Studio Solution File, Format Version 12.00
# Visual Studio Version 18
VisualStudioVersion = 18.0.11012.119
MinimumVisualStudioVersion = 10.0.40219.1
Project("{FAE04EC0-301F-11D3-BF4B-00C04F79EFBC}") = "Common", "Common\Common.csproj", "{E15E491A-E872-91D8-DF7A-CA59C792F064}"
EndProject
Project("{FAE04EC0-301F-11D3-BF4B-00C04F79EFBC}") = "Parser", "Parser\Parser.csproj", "{0D1342D2-4EE7-B4AF-4CE7-6B19466AFDD4}"
EndProject
Project("{FAE04EC0-301F-11D3-BF4B-00C04F79EFBC}") = "Specification.ACS", "Specification.ACS\Specification.ACS.csproj", "{86ABBCAE-DF85-9788-DDC4-E4B0F5C4D749}"
EndProject
Project("{FAE04EC0-301F-11D3-BF4B-00C04F79EFBC}") = "Specification.INI", "Specification.INI\Specification.INI.csproj", "{B1D0522D-B271-6DFE-EE74-01968AB563FC}"
EndProject
Project("{FAE04EC0-301F-11D3-BF4B-00C04F79EFBC}") = "Specification.IPL", "Specification.IPL\Specification.IPL.csproj", "{2A6E348E-A2EB-BB8B-4682-73F048A10CF0}"
EndProject
Project("{FAE04EC0-301F-11D3-BF4B-00C04F79EFBC}") = "Specification.JSON", "Specification.JSON\Specification.JSON.csproj", "{EE11F393-845B-8CF9-5EA9-6FAFA3F5C3C0}"
EndProject
Project("{FAE04EC0-301F-11D3-BF4B-00C04F79EFBC}") = "Specification.MapInfo", "Specification.MapInfo\Specification.MapInfo.csproj", "{66137DCE-5190-B8D4-E70A-D4613EF2416A}"
EndProject
Project("{FAE04EC0-301F-11D3-BF4B-00C04F79EFBC}") = "Specification.REG", "Specification.REG\Specification.REG.csproj", "{FDDD5C4B-22E6-3E2C-6582-060EDE74E84C}"
EndProject
Project("{FAE04EC0-301F-11D3-BF4B-00C04F79EFBC}") = "Specification.SndInfo", "Specification.SndInfo\Specification.SndInfo.csproj", "{80261DDB-8674-12D7-73C5-5F3FAA6C303C}"
EndProject
Project("{FAE04EC0-301F-11D3-BF4B-00C04F79EFBC}") = "Specification.WAD", "Specification.WAD\Specification.WAD.csproj", "{C0C97DCA-A0FD-9363-6609-63270DD65E70}"
EndProject
Project("{FAE04EC0-301F-11D3-BF4B-00C04F79EFBC}") = "Specification.XML", "Specification.XML\Specification.XML.csproj", "{6D899EA9-9016-E1B6-F8EA-442F1E80F179}"
EndProject
Project("{FAE04EC0-301F-11D3-BF4B-00C04F79EFBC}") = "Specification.ZScript", "Specification.ZScript\Specification.ZScript.csproj", "{DF347502-BFEB-E61A-7FED-11DB5B8C1A15}"
EndProject
Project("{2150E333-8FDC-42A3-9474-1A3956D46DE8}") = "Solution", "Solution", "{284B0C48-6525-F3F5-CD5D-7841BD44174A}"
	ProjectSection(SolutionItems) = preProject
		.editorconfig = .editorconfig
		LICENSE = LICENSE
		ParserLib.code-workspace = ParserLib.code-workspace
		README.md = README.md
	EndProjectSection
EndProject
Project("{FAE04EC0-301F-11D3-BF4B-00C04F79EFBC}") = "TestConsole", "TestConsole\TestConsole.csproj", "{BEF58E74-9439-23AC-3AC1-4B31F9DE9CAB}"
	ProjectSection(ProjectDependencies) = postProject
		{2E36B35E-4D07-45F6-B6DD-28BB9E07CE0D} = {2E36B35E-4D07-45F6-B6DD-28BB9E07CE0D}
		{4EFA0A09-F928-C97B-6CDA-EF3F062FD381} = {4EFA0A09-F928-C97B-6CDA-EF3F062FD381}
		{86ABBCAE-DF85-9788-DDC4-E4B0F5C4D749} = {86ABBCAE-DF85-9788-DDC4-E4B0F5C4D749}
		{E180CC60-075F-462E-996F-39070EC39013} = {E180CC60-075F-462E-996F-39070EC39013}
	EndProjectSection
EndProject
Project("{FAE04EC0-301F-11D3-BF4B-00C04F79EFBC}") = "LabelFormControlTest", "..\LabelFormControlTest\LabelFormControlTest.csproj", "{A5FE019F-8088-4004-FB58-19D8FAC0528C}"
EndProject
Project("{FAE04EC0-301F-11D3-BF4B-00C04F79EFBC}") = "ParserVisualizer", "ParserVisualizer\ParserVisualizer.csproj", "{6ABFADD5-0952-4CC9-91C0-1218777AE3B4}"
EndProject
Project("{2150E333-8FDC-42A3-9474-1A3956D46DE8}") = "Documentation", "Documentation", "{F60AE9E8-DEC6-417D-9487-81940A3D53D3}"
	ProjectSection(SolutionItems) = preProject
		docs\Common.xml = docs\Common.xml
		docs\Parser.xml = docs\Parser.xml
		docs\Specification.ACS.xml = docs\Specification.ACS.xml
		docs\Specification.INI.xml = docs\Specification.INI.xml
		docs\Specification.IPL.xml = docs\Specification.IPL.xml
		docs\Specification.JSON.xml = docs\Specification.JSON.xml
		docs\Specification.MapInfo.xml = docs\Specification.MapInfo.xml
		docs\Specification.REG.xml = docs\Specification.REG.xml
		docs\Specification.SndInfo.xml = docs\Specification.SndInfo.xml
		docs\Specification.WAD.xml = docs\Specification.WAD.xml
		docs\Specification.XML.xml = docs\Specification.XML.xml
		docs\Specification.ZScript.xml = docs\Specification.ZScript.xml
		docs\TestConsole.xml = docs\TestConsole.xml
	EndProjectSection
EndProject
Project("{FAE04EC0-301F-11D3-BF4B-00C04F79EFBC}") = "UnitTest", "UnitTest\UnitTest.csproj", "{C42B27E1-419B-440F-BF39-F16BCBAC54C7}"
	ProjectSection(ProjectDependencies) = postProject
		{2E36B35E-4D07-45F6-B6DD-28BB9E07CE0D} = {2E36B35E-4D07-45F6-B6DD-28BB9E07CE0D}
		{4EFA0A09-F928-C97B-6CDA-EF3F062FD381} = {4EFA0A09-F928-C97B-6CDA-EF3F062FD381}
	EndProjectSection
EndProject
Project("{FAE04EC0-301F-11D3-BF4B-00C04F79EFBC}") = "Specification.UDMF", "Specificiation.UDMF\Specification.UDMF.csproj", "{2E36B35E-4D07-45F6-B6DD-28BB9E07CE0D}"
EndProject
Project("{FAE04EC0-301F-11D3-BF4B-00C04F79EFBC}") = "Specification.Decorate", "Specification.Decorate\Specification.Decorate.csproj", "{4EFA0A09-F928-C97B-6CDA-EF3F062FD381}"
EndProject
Project("{FAE04EC0-301F-11D3-BF4B-00C04F79EFBC}") = "WPFParserVisualizer", "WPFParserVisualizer\WPFParserVisualizer.csproj", "{C3C931AB-EADC-4A0E-AB56-F072936C78EC}"
EndProject
Project("{FAE04EC0-301F-11D3-BF4B-00C04F79EFBC}") = "Terminal.Menu", "Console.Menu\Terminal.Menu.csproj", "{E180CC60-075F-462E-996F-39070EC39013}"
	ProjectSection(ProjectDependencies) = postProject
		{E15E491A-E872-91D8-DF7A-CA59C792F064} = {E15E491A-E872-91D8-DF7A-CA59C792F064}
	EndProjectSection
EndProject
Project("{2150E333-8FDC-42A3-9474-1A3956D46DE8}") = "Specifications", "Specifications", "{306ADCA7-FB08-E279-8072-1E915F7B2D17}"
	ProjectSection(SolutionItems) = preProject
		Parser\ByteOperations.md = Parser\ByteOperations.md
		Parser\Naming Groups.md = Parser\Naming Groups.md
		Common\Regex\Naming Groups.md = Common\Regex\Naming Groups.md
		Parser\Tokens\TemplateFormat.txt = Parser\Tokens\TemplateFormat.txt
	EndProjectSection
EndProject
Project("{FAE04EC0-301F-11D3-BF4B-00C04F79EFBC}") = "FormObjectViewer", "FormObjectViewer\FormObjectViewer.csproj", "{A956E431-070B-45D6-8776-1A1D1ED793AE}"
EndProject
Project("{FAE04EC0-301F-11D3-BF4B-00C04F79EFBC}") = "VNCChecker", "..\Plant VNC\VNCChecker.csproj", "{244932B9-BCD9-1EA3-EB5A-78FE65116DD3}"
EndProject
Project("{2150E333-8FDC-42A3-9474-1A3956D46DE8}") = "Icons", "Icons", "{6EB9610C-6726-4981-9D69-9D1150C50612}"
EndProject
Global
	GlobalSection(SolutionConfigurationPlatforms) = preSolution
		Debug|Any CPU = Debug|Any CPU
		Debug|x64 = Debug|x64
		Debug|x86 = Debug|x86
		Release|Any CPU = Release|Any CPU
		Release|x64 = Release|x64
		Release|x86 = Release|x86
	EndGlobalSection
	GlobalSection(ProjectConfigurationPlatforms) = postSolution
		{E15E491A-E872-91D8-DF7A-CA59C792F064}.Debug|Any CPU.ActiveCfg = Debug|Any CPU
		{E15E491A-E872-91D8-DF7A-CA59C792F064}.Debug|Any CPU.Build.0 = Debug|Any CPU
		{E15E491A-E872-91D8-DF7A-CA59C792F064}.Debug|x64.ActiveCfg = Debug|x64
		{E15E491A-E872-91D8-DF7A-CA59C792F064}.Debug|x64.Build.0 = Debug|x64
		{E15E491A-E872-91D8-DF7A-CA59C792F064}.Debug|x86.ActiveCfg = Debug|x86
		{E15E491A-E872-91D8-DF7A-CA59C792F064}.Debug|x86.Build.0 = Debug|x86
		{E15E491A-E872-91D8-DF7A-CA59C792F064}.Release|Any CPU.ActiveCfg = Release|Any CPU
		{E15E491A-E872-91D8-DF7A-CA59C792F064}.Release|Any CPU.Build.0 = Release|Any CPU
		{E15E491A-E872-91D8-DF7A-CA59C792F064}.Release|x64.ActiveCfg = Release|x64
		{E15E491A-E872-91D8-DF7A-CA59C792F064}.Release|x64.Build.0 = Release|x64
		{E15E491A-E872-91D8-DF7A-CA59C792F064}.Release|x86.ActiveCfg = Release|x86
		{E15E491A-E872-91D8-DF7A-CA59C792F064}.Release|x86.Build.0 = Release|x86
		{0D1342D2-4EE7-B4AF-4CE7-6B19466AFDD4}.Debug|Any CPU.ActiveCfg = Debug|Any CPU
		{0D1342D2-4EE7-B4AF-4CE7-6B19466AFDD4}.Debug|Any CPU.Build.0 = Debug|Any CPU
		{0D1342D2-4EE7-B4AF-4CE7-6B19466AFDD4}.Debug|x64.ActiveCfg = Debug|x64
		{0D1342D2-4EE7-B4AF-4CE7-6B19466AFDD4}.Debug|x64.Build.0 = Debug|x64
		{0D1342D2-4EE7-B4AF-4CE7-6B19466AFDD4}.Debug|x86.ActiveCfg = Debug|x86
		{0D1342D2-4EE7-B4AF-4CE7-6B19466AFDD4}.Debug|x86.Build.0 = Debug|x86
		{0D1342D2-4EE7-B4AF-4CE7-6B19466AFDD4}.Release|Any CPU.ActiveCfg = Release|Any CPU
		{0D1342D2-4EE7-B4AF-4CE7-6B19466AFDD4}.Release|Any CPU.Build.0 = Release|Any CPU
		{0D1342D2-4EE7-B4AF-4CE7-6B19466AFDD4}.Release|x64.ActiveCfg = Release|x64
		{0D1342D2-4EE7-B4AF-4CE7-6B19466AFDD4}.Release|x64.Build.0 = Release|x64
		{0D1342D2-4EE7-B4AF-4CE7-6B19466AFDD4}.Release|x86.ActiveCfg = Release|x86
		{0D1342D2-4EE7-B4AF-4CE7-6B19466AFDD4}.Release|x86.Build.0 = Release|x86
		{86ABBCAE-DF85-9788-DDC4-E4B0F5C4D749}.Debug|Any CPU.ActiveCfg = Debug|Any CPU
		{86ABBCAE-DF85-9788-DDC4-E4B0F5C4D749}.Debug|Any CPU.Build.0 = Debug|Any CPU
		{86ABBCAE-DF85-9788-DDC4-E4B0F5C4D749}.Debug|x64.ActiveCfg = Debug|x64
		{86ABBCAE-DF85-9788-DDC4-E4B0F5C4D749}.Debug|x64.Build.0 = Debug|x64
		{86ABBCAE-DF85-9788-DDC4-E4B0F5C4D749}.Debug|x86.ActiveCfg = Debug|x86
		{86ABBCAE-DF85-9788-DDC4-E4B0F5C4D749}.Debug|x86.Build.0 = Debug|x86
		{86ABBCAE-DF85-9788-DDC4-E4B0F5C4D749}.Release|Any CPU.ActiveCfg = Release|Any CPU
		{86ABBCAE-DF85-9788-DDC4-E4B0F5C4D749}.Release|Any CPU.Build.0 = Release|Any CPU
		{86ABBCAE-DF85-9788-DDC4-E4B0F5C4D749}.Release|x64.ActiveCfg = Release|x64
		{86ABBCAE-DF85-9788-DDC4-E4B0F5C4D749}.Release|x64.Build.0 = Release|x64
		{86ABBCAE-DF85-9788-DDC4-E4B0F5C4D749}.Release|x86.ActiveCfg = Release|x86
		{86ABBCAE-DF85-9788-DDC4-E4B0F5C4D749}.Release|x86.Build.0 = Release|x86
		{B1D0522D-B271-6DFE-EE74-01968AB563FC}.Debug|Any CPU.ActiveCfg = Debug|Any CPU
		{B1D0522D-B271-6DFE-EE74-01968AB563FC}.Debug|Any CPU.Build.0 = Debug|Any CPU
		{B1D0522D-B271-6DFE-EE74-01968AB563FC}.Debug|x64.ActiveCfg = Debug|x64
		{B1D0522D-B271-6DFE-EE74-01968AB563FC}.Debug|x64.Build.0 = Debug|x64
		{B1D0522D-B271-6DFE-EE74-01968AB563FC}.Debug|x86.ActiveCfg = Debug|x86
		{B1D0522D-B271-6DFE-EE74-01968AB563FC}.Debug|x86.Build.0 = Debug|x86
		{B1D0522D-B271-6DFE-EE74-01968AB563FC}.Release|Any CPU.ActiveCfg = Release|Any CPU
		{B1D0522D-B271-6DFE-EE74-01968AB563FC}.Release|Any CPU.Build.0 = Release|Any CPU
		{B1D0522D-B271-6DFE-EE74-01968AB563FC}.Release|x64.ActiveCfg = Release|x64
		{B1D0522D-B271-6DFE-EE74-01968AB563FC}.Release|x64.Build.0 = Release|x64
		{B1D0522D-B271-6DFE-EE74-01968AB563FC}.Release|x86.ActiveCfg = Release|x86
		{B1D0522D-B271-6DFE-EE74-01968AB563FC}.Release|x86.Build.0 = Release|x86
		{2A6E348E-A2EB-BB8B-4682-73F048A10CF0}.Debug|Any CPU.ActiveCfg = Debug|Any CPU
		{2A6E348E-A2EB-BB8B-4682-73F048A10CF0}.Debug|Any CPU.Build.0 = Debug|Any CPU
		{2A6E348E-A2EB-BB8B-4682-73F048A10CF0}.Debug|x64.ActiveCfg = Debug|x64
		{2A6E348E-A2EB-BB8B-4682-73F048A10CF0}.Debug|x64.Build.0 = Debug|x64
		{2A6E348E-A2EB-BB8B-4682-73F048A10CF0}.Debug|x86.ActiveCfg = Debug|x86
		{2A6E348E-A2EB-BB8B-4682-73F048A10CF0}.Debug|x86.Build.0 = Debug|x86
		{2A6E348E-A2EB-BB8B-4682-73F048A10CF0}.Release|Any CPU.ActiveCfg = Release|Any CPU
		{2A6E348E-A2EB-BB8B-4682-73F048A10CF0}.Release|Any CPU.Build.0 = Release|Any CPU
		{2A6E348E-A2EB-BB8B-4682-73F048A10CF0}.Release|x64.ActiveCfg = Release|x64
		{2A6E348E-A2EB-BB8B-4682-73F048A10CF0}.Release|x64.Build.0 = Release|x64
		{2A6E348E-A2EB-BB8B-4682-73F048A10CF0}.Release|x86.ActiveCfg = Release|x86
		{2A6E348E-A2EB-BB8B-4682-73F048A10CF0}.Release|x86.Build.0 = Release|x86
		{EE11F393-845B-8CF9-5EA9-6FAFA3F5C3C0}.Debug|Any CPU.ActiveCfg = Debug|Any CPU
		{EE11F393-845B-8CF9-5EA9-6FAFA3F5C3C0}.Debug|Any CPU.Build.0 = Debug|Any CPU
		{EE11F393-845B-8CF9-5EA9-6FAFA3F5C3C0}.Debug|x64.ActiveCfg = Debug|x64
		{EE11F393-845B-8CF9-5EA9-6FAFA3F5C3C0}.Debug|x64.Build.0 = Debug|x64
		{EE11F393-845B-8CF9-5EA9-6FAFA3F5C3C0}.Debug|x86.ActiveCfg = Debug|x86
		{EE11F393-845B-8CF9-5EA9-6FAFA3F5C3C0}.Debug|x86.Build.0 = Debug|x86
		{EE11F393-845B-8CF9-5EA9-6FAFA3F5C3C0}.Release|Any CPU.ActiveCfg = Release|Any CPU
		{EE11F393-845B-8CF9-5EA9-6FAFA3F5C3C0}.Release|Any CPU.Build.0 = Release|Any CPU
		{EE11F393-845B-8CF9-5EA9-6FAFA3F5C3C0}.Release|x64.ActiveCfg = Release|x64
		{EE11F393-845B-8CF9-5EA9-6FAFA3F5C3C0}.Release|x64.Build.0 = Release|x64
		{EE11F393-845B-8CF9-5EA9-6FAFA3F5C3C0}.Release|x86.ActiveCfg = Release|x86
		{EE11F393-845B-8CF9-5EA9-6FAFA3F5C3C0}.Release|x86.Build.0 = Release|x86
		{66137DCE-5190-B8D4-E70A-D4613EF2416A}.Debug|Any CPU.ActiveCfg = Debug|Any CPU
		{66137DCE-5190-B8D4-E70A-D4613EF2416A}.Debug|Any CPU.Build.0 = Debug|Any CPU
		{66137DCE-5190-B8D4-E70A-D4613EF2416A}.Debug|x64.ActiveCfg = Debug|x64
		{66137DCE-5190-B8D4-E70A-D4613EF2416A}.Debug|x64.Build.0 = Debug|x64
		{66137DCE-5190-B8D4-E70A-D4613EF2416A}.Debug|x86.ActiveCfg = Debug|x86
		{66137DCE-5190-B8D4-E70A-D4613EF2416A}.Debug|x86.Build.0 = Debug|x86
		{66137DCE-5190-B8D4-E70A-D4613EF2416A}.Release|Any CPU.ActiveCfg = Release|Any CPU
		{66137DCE-5190-B8D4-E70A-D4613EF2416A}.Release|Any CPU.Build.0 = Release|Any CPU
		{66137DCE-5190-B8D4-E70A-D4613EF2416A}.Release|x64.ActiveCfg = Release|x64
		{66137DCE-5190-B8D4-E70A-D4613EF2416A}.Release|x64.Build.0 = Release|x64
		{66137DCE-5190-B8D4-E70A-D4613EF2416A}.Release|x86.ActiveCfg = Release|x86
		{66137DCE-5190-B8D4-E70A-D4613EF2416A}.Release|x86.Build.0 = Release|x86
		{FDDD5C4B-22E6-3E2C-6582-060EDE74E84C}.Debug|Any CPU.ActiveCfg = Debug|Any CPU
		{FDDD5C4B-22E6-3E2C-6582-060EDE74E84C}.Debug|Any CPU.Build.0 = Debug|Any CPU
		{FDDD5C4B-22E6-3E2C-6582-060EDE74E84C}.Debug|x64.ActiveCfg = Debug|x64
		{FDDD5C4B-22E6-3E2C-6582-060EDE74E84C}.Debug|x64.Build.0 = Debug|x64
		{FDDD5C4B-22E6-3E2C-6582-060EDE74E84C}.Debug|x86.ActiveCfg = Debug|x86
		{FDDD5C4B-22E6-3E2C-6582-060EDE74E84C}.Debug|x86.Build.0 = Debug|x86
		{FDDD5C4B-22E6-3E2C-6582-060EDE74E84C}.Release|Any CPU.ActiveCfg = Release|Any CPU
		{FDDD5C4B-22E6-3E2C-6582-060EDE74E84C}.Release|Any CPU.Build.0 = Release|Any CPU
		{FDDD5C4B-22E6-3E2C-6582-060EDE74E84C}.Release|x64.ActiveCfg = Release|x64
		{FDDD5C4B-22E6-3E2C-6582-060EDE74E84C}.Release|x64.Build.0 = Release|x64
		{FDDD5C4B-22E6-3E2C-6582-060EDE74E84C}.Release|x86.ActiveCfg = Release|x86
		{FDDD5C4B-22E6-3E2C-6582-060EDE74E84C}.Release|x86.Build.0 = Release|x86
		{80261DDB-8674-12D7-73C5-5F3FAA6C303C}.Debug|Any CPU.ActiveCfg = Debug|Any CPU
		{80261DDB-8674-12D7-73C5-5F3FAA6C303C}.Debug|Any CPU.Build.0 = Debug|Any CPU
		{80261DDB-8674-12D7-73C5-5F3FAA6C303C}.Debug|x64.ActiveCfg = Debug|x64
		{80261DDB-8674-12D7-73C5-5F3FAA6C303C}.Debug|x64.Build.0 = Debug|x64
		{80261DDB-8674-12D7-73C5-5F3FAA6C303C}.Debug|x86.ActiveCfg = Debug|x86
		{80261DDB-8674-12D7-73C5-5F3FAA6C303C}.Debug|x86.Build.0 = Debug|x86
		{80261DDB-8674-12D7-73C5-5F3FAA6C303C}.Release|Any CPU.ActiveCfg = Release|Any CPU
		{80261DDB-8674-12D7-73C5-5F3FAA6C303C}.Release|Any CPU.Build.0 = Release|Any CPU
		{80261DDB-8674-12D7-73C5-5F3FAA6C303C}.Release|x64.ActiveCfg = Release|x64
		{80261DDB-8674-12D7-73C5-5F3FAA6C303C}.Release|x64.Build.0 = Release|x64
		{80261DDB-8674-12D7-73C5-5F3FAA6C303C}.Release|x86.ActiveCfg = Release|x86
		{80261DDB-8674-12D7-73C5-5F3FAA6C303C}.Release|x86.Build.0 = Release|x86
		{C0C97DCA-A0FD-9363-6609-63270DD65E70}.Debug|Any CPU.ActiveCfg = Debug|Any CPU
		{C0C97DCA-A0FD-9363-6609-63270DD65E70}.Debug|Any CPU.Build.0 = Debug|Any CPU
		{C0C97DCA-A0FD-9363-6609-63270DD65E70}.Debug|x64.ActiveCfg = Debug|x64
		{C0C97DCA-A0FD-9363-6609-63270DD65E70}.Debug|x64.Build.0 = Debug|x64
		{C0C97DCA-A0FD-9363-6609-63270DD65E70}.Debug|x86.ActiveCfg = Debug|x86
		{C0C97DCA-A0FD-9363-6609-63270DD65E70}.Debug|x86.Build.0 = Debug|x86
		{C0C97DCA-A0FD-9363-6609-63270DD65E70}.Release|Any CPU.ActiveCfg = Release|Any CPU
		{C0C97DCA-A0FD-9363-6609-63270DD65E70}.Release|Any CPU.Build.0 = Release|Any CPU
		{C0C97DCA-A0FD-9363-6609-63270DD65E70}.Release|x64.ActiveCfg = Release|x64
		{C0C97DCA-A0FD-9363-6609-63270DD65E70}.Release|x64.Build.0 = Release|x64
		{C0C97DCA-A0FD-9363-6609-63270DD65E70}.Release|x86.ActiveCfg = Release|x86
		{C0C97DCA-A0FD-9363-6609-63270DD65E70}.Release|x86.Build.0 = Release|x86
		{6D899EA9-9016-E1B6-F8EA-442F1E80F179}.Debug|Any CPU.ActiveCfg = Debug|Any CPU
		{6D899EA9-9016-E1B6-F8EA-442F1E80F179}.Debug|Any CPU.Build.0 = Debug|Any CPU
		{6D899EA9-9016-E1B6-F8EA-442F1E80F179}.Debug|x64.ActiveCfg = Debug|x64
		{6D899EA9-9016-E1B6-F8EA-442F1E80F179}.Debug|x64.Build.0 = Debug|x64
		{6D899EA9-9016-E1B6-F8EA-442F1E80F179}.Debug|x86.ActiveCfg = Debug|x86
		{6D899EA9-9016-E1B6-F8EA-442F1E80F179}.Debug|x86.Build.0 = Debug|x86
		{6D899EA9-9016-E1B6-F8EA-442F1E80F179}.Release|Any CPU.ActiveCfg = Release|Any CPU
		{6D899EA9-9016-E1B6-F8EA-442F1E80F179}.Release|Any CPU.Build.0 = Release|Any CPU
		{6D899EA9-9016-E1B6-F8EA-442F1E80F179}.Release|x64.ActiveCfg = Release|x64
		{6D899EA9-9016-E1B6-F8EA-442F1E80F179}.Release|x64.Build.0 = Release|x64
		{6D899EA9-9016-E1B6-F8EA-442F1E80F179}.Release|x86.ActiveCfg = Release|x86
		{6D899EA9-9016-E1B6-F8EA-442F1E80F179}.Release|x86.Build.0 = Release|x86
		{DF347502-BFEB-E61A-7FED-11DB5B8C1A15}.Debug|Any CPU.ActiveCfg = Debug|Any CPU
		{DF347502-BFEB-E61A-7FED-11DB5B8C1A15}.Debug|Any CPU.Build.0 = Debug|Any CPU
		{DF347502-BFEB-E61A-7FED-11DB5B8C1A15}.Debug|x64.ActiveCfg = Debug|x64
		{DF347502-BFEB-E61A-7FED-11DB5B8C1A15}.Debug|x64.Build.0 = Debug|x64
		{DF347502-BFEB-E61A-7FED-11DB5B8C1A15}.Debug|x86.ActiveCfg = Debug|x86
		{DF347502-BFEB-E61A-7FED-11DB5B8C1A15}.Debug|x86.Build.0 = Debug|x86
		{DF347502-BFEB-E61A-7FED-11DB5B8C1A15}.Release|Any CPU.ActiveCfg = Release|Any CPU
		{DF347502-BFEB-E61A-7FED-11DB5B8C1A15}.Release|Any CPU.Build.0 = Release|Any CPU
		{DF347502-BFEB-E61A-7FED-11DB5B8C1A15}.Release|x64.ActiveCfg = Release|x64
		{DF347502-BFEB-E61A-7FED-11DB5B8C1A15}.Release|x64.Build.0 = Release|x64
		{DF347502-BFEB-E61A-7FED-11DB5B8C1A15}.Release|x86.ActiveCfg = Release|x86
		{DF347502-BFEB-E61A-7FED-11DB5B8C1A15}.Release|x86.Build.0 = Release|x86
		{BEF58E74-9439-23AC-3AC1-4B31F9DE9CAB}.Debug|Any CPU.ActiveCfg = Debug|Any CPU
		{BEF58E74-9439-23AC-3AC1-4B31F9DE9CAB}.Debug|Any CPU.Build.0 = Debug|Any CPU
		{BEF58E74-9439-23AC-3AC1-4B31F9DE9CAB}.Debug|x64.ActiveCfg = Debug|x64
		{BEF58E74-9439-23AC-3AC1-4B31F9DE9CAB}.Debug|x64.Build.0 = Debug|x64
		{BEF58E74-9439-23AC-3AC1-4B31F9DE9CAB}.Debug|x86.ActiveCfg = Debug|x86
		{BEF58E74-9439-23AC-3AC1-4B31F9DE9CAB}.Debug|x86.Build.0 = Debug|x86
		{BEF58E74-9439-23AC-3AC1-4B31F9DE9CAB}.Release|Any CPU.ActiveCfg = Release|Any CPU
		{BEF58E74-9439-23AC-3AC1-4B31F9DE9CAB}.Release|Any CPU.Build.0 = Release|Any CPU
		{BEF58E74-9439-23AC-3AC1-4B31F9DE9CAB}.Release|x64.ActiveCfg = Release|x64
		{BEF58E74-9439-23AC-3AC1-4B31F9DE9CAB}.Release|x64.Build.0 = Release|x64
		{BEF58E74-9439-23AC-3AC1-4B31F9DE9CAB}.Release|x86.ActiveCfg = Release|x86
		{BEF58E74-9439-23AC-3AC1-4B31F9DE9CAB}.Release|x86.Build.0 = Release|x86
		{A5FE019F-8088-4004-FB58-19D8FAC0528C}.Debug|Any CPU.ActiveCfg = Debug|Any CPU
		{A5FE019F-8088-4004-FB58-19D8FAC0528C}.Debug|Any CPU.Build.0 = Debug|Any CPU
		{A5FE019F-8088-4004-FB58-19D8FAC0528C}.Debug|x64.ActiveCfg = Debug|x64
		{A5FE019F-8088-4004-FB58-19D8FAC0528C}.Debug|x64.Build.0 = Debug|x64
		{A5FE019F-8088-4004-FB58-19D8FAC0528C}.Debug|x86.ActiveCfg = Debug|x86
		{A5FE019F-8088-4004-FB58-19D8FAC0528C}.Debug|x86.Build.0 = Debug|x86
		{A5FE019F-8088-4004-FB58-19D8FAC0528C}.Release|Any CPU.ActiveCfg = Release|Any CPU
		{A5FE019F-8088-4004-FB58-19D8FAC0528C}.Release|Any CPU.Build.0 = Release|Any CPU
		{A5FE019F-8088-4004-FB58-19D8FAC0528C}.Release|x64.ActiveCfg = Release|x64
		{A5FE019F-8088-4004-FB58-19D8FAC0528C}.Release|x64.Build.0 = Release|x64
		{A5FE019F-8088-4004-FB58-19D8FAC0528C}.Release|x86.ActiveCfg = Release|x86
		{A5FE019F-8088-4004-FB58-19D8FAC0528C}.Release|x86.Build.0 = Release|x86
		{6ABFADD5-0952-4CC9-91C0-1218777AE3B4}.Debug|Any CPU.ActiveCfg = Debug|Any CPU
		{6ABFADD5-0952-4CC9-91C0-1218777AE3B4}.Debug|Any CPU.Build.0 = Debug|Any CPU
		{6ABFADD5-0952-4CC9-91C0-1218777AE3B4}.Debug|x64.ActiveCfg = Debug|x64
		{6ABFADD5-0952-4CC9-91C0-1218777AE3B4}.Debug|x64.Build.0 = Debug|x64
		{6ABFADD5-0952-4CC9-91C0-1218777AE3B4}.Debug|x86.ActiveCfg = Debug|x86
		{6ABFADD5-0952-4CC9-91C0-1218777AE3B4}.Debug|x86.Build.0 = Debug|x86
		{6ABFADD5-0952-4CC9-91C0-1218777AE3B4}.Release|Any CPU.ActiveCfg = Release|Any CPU
		{6ABFADD5-0952-4CC9-91C0-1218777AE3B4}.Release|Any CPU.Build.0 = Release|Any CPU
		{6ABFADD5-0952-4CC9-91C0-1218777AE3B4}.Release|x64.ActiveCfg = Release|x64
		{6ABFADD5-0952-4CC9-91C0-1218777AE3B4}.Release|x64.Build.0 = Release|x64
		{6ABFADD5-0952-4CC9-91C0-1218777AE3B4}.Release|x86.ActiveCfg = Release|x86
		{6ABFADD5-0952-4CC9-91C0-1218777AE3B4}.Release|x86.Build.0 = Release|x86
		{C42B27E1-419B-440F-BF39-F16BCBAC54C7}.Debug|Any CPU.ActiveCfg = Debug|Any CPU
		{C42B27E1-419B-440F-BF39-F16BCBAC54C7}.Debug|Any CPU.Build.0 = Debug|Any CPU
		{C42B27E1-419B-440F-BF39-F16BCBAC54C7}.Debug|x64.ActiveCfg = Debug|x64
		{C42B27E1-419B-440F-BF39-F16BCBAC54C7}.Debug|x64.Build.0 = Debug|x64
		{C42B27E1-419B-440F-BF39-F16BCBAC54C7}.Debug|x86.ActiveCfg = Debug|x86
		{C42B27E1-419B-440F-BF39-F16BCBAC54C7}.Debug|x86.Build.0 = Debug|x86
		{C42B27E1-419B-440F-BF39-F16BCBAC54C7}.Release|Any CPU.ActiveCfg = Release|Any CPU
		{C42B27E1-419B-440F-BF39-F16BCBAC54C7}.Release|Any CPU.Build.0 = Release|Any CPU
		{C42B27E1-419B-440F-BF39-F16BCBAC54C7}.Release|x64.ActiveCfg = Release|x64
		{C42B27E1-419B-440F-BF39-F16BCBAC54C7}.Release|x64.Build.0 = Release|x64
		{C42B27E1-419B-440F-BF39-F16BCBAC54C7}.Release|x86.ActiveCfg = Release|x86
		{C42B27E1-419B-440F-BF39-F16BCBAC54C7}.Release|x86.Build.0 = Release|x86
		{2E36B35E-4D07-45F6-B6DD-28BB9E07CE0D}.Debug|Any CPU.ActiveCfg = Debug|Any CPU
		{2E36B35E-4D07-45F6-B6DD-28BB9E07CE0D}.Debug|Any CPU.Build.0 = Debug|Any CPU
		{2E36B35E-4D07-45F6-B6DD-28BB9E07CE0D}.Debug|x64.ActiveCfg = Debug|x64
		{2E36B35E-4D07-45F6-B6DD-28BB9E07CE0D}.Debug|x64.Build.0 = Debug|x64
		{2E36B35E-4D07-45F6-B6DD-28BB9E07CE0D}.Debug|x86.ActiveCfg = Debug|x86
		{2E36B35E-4D07-45F6-B6DD-28BB9E07CE0D}.Debug|x86.Build.0 = Debug|x86
		{2E36B35E-4D07-45F6-B6DD-28BB9E07CE0D}.Release|Any CPU.ActiveCfg = Release|Any CPU
		{2E36B35E-4D07-45F6-B6DD-28BB9E07CE0D}.Release|Any CPU.Build.0 = Release|Any CPU
		{2E36B35E-4D07-45F6-B6DD-28BB9E07CE0D}.Release|x64.ActiveCfg = Release|x64
		{2E36B35E-4D07-45F6-B6DD-28BB9E07CE0D}.Release|x64.Build.0 = Release|x64
		{2E36B35E-4D07-45F6-B6DD-28BB9E07CE0D}.Release|x86.ActiveCfg = Release|x86
		{2E36B35E-4D07-45F6-B6DD-28BB9E07CE0D}.Release|x86.Build.0 = Release|x86
		{4EFA0A09-F928-C97B-6CDA-EF3F062FD381}.Debug|Any CPU.ActiveCfg = Debug|Any CPU
		{4EFA0A09-F928-C97B-6CDA-EF3F062FD381}.Debug|Any CPU.Build.0 = Debug|Any CPU
		{4EFA0A09-F928-C97B-6CDA-EF3F062FD381}.Debug|x64.ActiveCfg = Debug|x64
		{4EFA0A09-F928-C97B-6CDA-EF3F062FD381}.Debug|x64.Build.0 = Debug|x64
		{4EFA0A09-F928-C97B-6CDA-EF3F062FD381}.Debug|x86.ActiveCfg = Debug|x86
		{4EFA0A09-F928-C97B-6CDA-EF3F062FD381}.Debug|x86.Build.0 = Debug|x86
		{4EFA0A09-F928-C97B-6CDA-EF3F062FD381}.Release|Any CPU.ActiveCfg = Release|Any CPU
		{4EFA0A09-F928-C97B-6CDA-EF3F062FD381}.Release|Any CPU.Build.0 = Release|Any CPU
		{4EFA0A09-F928-C97B-6CDA-EF3F062FD381}.Release|x64.ActiveCfg = Release|x64
		{4EFA0A09-F928-C97B-6CDA-EF3F062FD381}.Release|x64.Build.0 = Release|x64
		{4EFA0A09-F928-C97B-6CDA-EF3F062FD381}.Release|x86.ActiveCfg = Release|x86
		{4EFA0A09-F928-C97B-6CDA-EF3F062FD381}.Release|x86.Build.0 = Release|x86
		{C3C931AB-EADC-4A0E-AB56-F072936C78EC}.Debug|Any CPU.ActiveCfg = Debug|Any CPU
		{C3C931AB-EADC-4A0E-AB56-F072936C78EC}.Debug|Any CPU.Build.0 = Debug|Any CPU
		{C3C931AB-EADC-4A0E-AB56-F072936C78EC}.Debug|x64.ActiveCfg = Debug|x64
		{C3C931AB-EADC-4A0E-AB56-F072936C78EC}.Debug|x64.Build.0 = Debug|x64
		{C3C931AB-EADC-4A0E-AB56-F072936C78EC}.Debug|x86.ActiveCfg = Debug|x86
		{C3C931AB-EADC-4A0E-AB56-F072936C78EC}.Debug|x86.Build.0 = Debug|x86
		{C3C931AB-EADC-4A0E-AB56-F072936C78EC}.Release|Any CPU.ActiveCfg = Release|Any CPU
		{C3C931AB-EADC-4A0E-AB56-F072936C78EC}.Release|Any CPU.Build.0 = Release|Any CPU
		{C3C931AB-EADC-4A0E-AB56-F072936C78EC}.Release|x64.ActiveCfg = Release|x64
		{C3C931AB-EADC-4A0E-AB56-F072936C78EC}.Release|x64.Build.0 = Release|x64
		{C3C931AB-EADC-4A0E-AB56-F072936C78EC}.Release|x86.ActiveCfg = Release|x86
		{C3C931AB-EADC-4A0E-AB56-F072936C78EC}.Release|x86.Build.0 = Release|x86
		{E180CC60-075F-462E-996F-39070EC39013}.Debug|Any CPU.ActiveCfg = Debug|Any CPU
		{E180CC60-075F-462E-996F-39070EC39013}.Debug|Any CPU.Build.0 = Debug|Any CPU
		{E180CC60-075F-462E-996F-39070EC39013}.Debug|x64.ActiveCfg = Debug|x64
		{E180CC60-075F-462E-996F-39070EC39013}.Debug|x64.Build.0 = Debug|x64
		{E180CC60-075F-462E-996F-39070EC39013}.Debug|x86.ActiveCfg = Debug|x86
		{E180CC60-075F-462E-996F-39070EC39013}.Debug|x86.Build.0 = Debug|x86
		{E180CC60-075F-462E-996F-39070EC39013}.Release|Any CPU.ActiveCfg = Release|Any CPU
		{E180CC60-075F-462E-996F-39070EC39013}.Release|Any CPU.Build.0 = Release|Any CPU
		{E180CC60-075F-462E-996F-39070EC39013}.Release|x64.ActiveCfg = Release|x64
		{E180CC60-075F-462E-996F-39070EC39013}.Release|x64.Build.0 = Release|x64
		{E180CC60-075F-462E-996F-39070EC39013}.Release|x86.ActiveCfg = Release|x86
		{E180CC60-075F-462E-996F-39070EC39013}.Release|x86.Build.0 = Release|x86
		{A956E431-070B-45D6-8776-1A1D1ED793AE}.Debug|Any CPU.ActiveCfg = Debug|Any CPU
		{A956E431-070B-45D6-8776-1A1D1ED793AE}.Debug|Any CPU.Build.0 = Debug|Any CPU
		{A956E431-070B-45D6-8776-1A1D1ED793AE}.Debug|x64.ActiveCfg = Debug|x64
		{A956E431-070B-45D6-8776-1A1D1ED793AE}.Debug|x64.Build.0 = Debug|x64
		{A956E431-070B-45D6-8776-1A1D1ED793AE}.Debug|x86.ActiveCfg = Debug|Any CPU
		{A956E431-070B-45D6-8776-1A1D1ED793AE}.Debug|x86.Build.0 = Debug|Any CPU
		{A956E431-070B-45D6-8776-1A1D1ED793AE}.Release|Any CPU.ActiveCfg = Release|Any CPU
		{A956E431-070B-45D6-8776-1A1D1ED793AE}.Release|Any CPU.Build.0 = Release|Any CPU
		{A956E431-070B-45D6-8776-1A1D1ED793AE}.Release|x64.ActiveCfg = Release|Any CPU
		{A956E431-070B-45D6-8776-1A1D1ED793AE}.Release|x64.Build.0 = Release|Any CPU
		{A956E431-070B-45D6-8776-1A1D1ED793AE}.Release|x86.ActiveCfg = Release|Any CPU
		{A956E431-070B-45D6-8776-1A1D1ED793AE}.Release|x86.Build.0 = Release|Any CPU
		{244932B9-BCD9-1EA3-EB5A-78FE65116DD3}.Debug|Any CPU.ActiveCfg = Debug|Any CPU
		{244932B9-BCD9-1EA3-EB5A-78FE65116DD3}.Debug|Any CPU.Build.0 = Debug|Any CPU
		{244932B9-BCD9-1EA3-EB5A-78FE65116DD3}.Debug|x64.ActiveCfg = Debug|Any CPU
		{244932B9-BCD9-1EA3-EB5A-78FE65116DD3}.Debug|x64.Build.0 = Debug|Any CPU
		{244932B9-BCD9-1EA3-EB5A-78FE65116DD3}.Debug|x86.ActiveCfg = Debug|Any CPU
		{244932B9-BCD9-1EA3-EB5A-78FE65116DD3}.Debug|x86.Build.0 = Debug|Any CPU
		{244932B9-BCD9-1EA3-EB5A-78FE65116DD3}.Release|Any CPU.ActiveCfg = Release|Any CPU
		{244932B9-BCD9-1EA3-EB5A-78FE65116DD3}.Release|Any CPU.Build.0 = Release|Any CPU
		{244932B9-BCD9-1EA3-EB5A-78FE65116DD3}.Release|x64.ActiveCfg = Release|Any CPU
		{244932B9-BCD9-1EA3-EB5A-78FE65116DD3}.Release|x64.Build.0 = Release|Any CPU
		{244932B9-BCD9-1EA3-EB5A-78FE65116DD3}.Release|x86.ActiveCfg = Release|Any CPU
		{244932B9-BCD9-1EA3-EB5A-78FE65116DD3}.Release|x86.Build.0 = Release|Any CPU
	EndGlobalSection
	GlobalSection(SolutionProperties) = preSolution
		HideSolutionNode = FALSE
	EndGlobalSection
	GlobalSection(NestedProjects) = preSolution
		{F60AE9E8-DEC6-417D-9487-81940A3D53D3} = {284B0C48-6525-F3F5-CD5D-7841BD44174A}
		{306ADCA7-FB08-E279-8072-1E915F7B2D17} = {284B0C48-6525-F3F5-CD5D-7841BD44174A}
		{6EB9610C-6726-4981-9D69-9D1150C50612} = {284B0C48-6525-F3F5-CD5D-7841BD44174A}
	EndGlobalSection
	GlobalSection(ExtensibilityGlobals) = postSolution
		SolutionGuid = {E97FF645-432C-41F1-ACD9-D9EA11D2D32D}
	EndGlobalSection
EndGlobal
